
Microsoft Visual Studio Solution File, Format Version 12.00
# Visual Studio Version 16
VisualStudioVersion = 16.0.31005.135
MinimumVisualStudioVersion = 10.0.40219.1
Project("{FAE04EC0-301F-11D3-BF4B-00C04F79EFBC}") = "Ejercicio012", "Ejercicio012\Ejercicio012.csproj", "{6BE486DA-933D-4DF0-8D94-D1199BCE50F8}"
EndProject
Global
	GlobalSection(SolutionConfigurationPlatforms) = preSolution
		Debug|Any CPU = Debug|Any CPU
		Release|Any CPU = Release|Any CPU
	EndGlobalSection
	GlobalSection(ProjectConfigurationPlatforms) = postSolution
		{6BE486DA-933D-4DF0-8D94-D1199BCE50F8}.Debug|Any CPU.ActiveCfg = Debug|Any CPU
		{6BE486DA-933D-4DF0-8D94-D1199BCE50F8}.Debug|Any CPU.Build.0 = Debug|Any CPU
		{6BE486DA-933D-4DF0-8D94-D1199BCE50F8}.Release|Any CPU.ActiveCfg = Release|Any CPU
		{6BE486DA-933D-4DF0-8D94-D1199BCE50F8}.Release|Any CPU.Build.0 = Release|Any CPU
	EndGlobalSection
	GlobalSection(SolutionProperties) = preSolution
		HideSolutionNode = FALSE
	EndGlobalSection
	GlobalSection(ExtensibilityGlobals) = postSolution
		SolutionGuid = {D45C9FF0-F15A-46D0-8BFA-9E6E597399B6}
	EndGlobalSection
EndGlobal
