
Microsoft Visual Studio Solution File, Format Version 12.00
# Visual Studio Version 16
VisualStudioVersion = 16.0.30503.244
MinimumVisualStudioVersion = 10.0.40219.1
Project("{FAE04EC0-301F-11D3-BF4B-00C04F79EFBC}") = "Ejercicio29", "Ejercicio29\Ejercicio29.csproj", "{F0D13496-FEC7-4867-80D2-71080975220D}"
EndProject
Project("{FAE04EC0-301F-11D3-BF4B-00C04F79EFBC}") = "Entidades", "Entidades\Entidades.csproj", "{3B950A81-4598-427D-92E6-09114A109D1B}"
EndProject
Global
	GlobalSection(SolutionConfigurationPlatforms) = preSolution
		Debug|Any CPU = Debug|Any CPU
		Release|Any CPU = Release|Any CPU
	EndGlobalSection
	GlobalSection(ProjectConfigurationPlatforms) = postSolution
		{F0D13496-FEC7-4867-80D2-71080975220D}.Debug|Any CPU.ActiveCfg = Debug|Any CPU
		{F0D13496-FEC7-4867-80D2-71080975220D}.Debug|Any CPU.Build.0 = Debug|Any CPU
		{F0D13496-FEC7-4867-80D2-71080975220D}.Release|Any CPU.ActiveCfg = Release|Any CPU
		{F0D13496-FEC7-4867-80D2-71080975220D}.Release|Any CPU.Build.0 = Release|Any CPU
		{3B950A81-4598-427D-92E6-09114A109D1B}.Debug|Any CPU.ActiveCfg = Debug|Any CPU
		{3B950A81-4598-427D-92E6-09114A109D1B}.Debug|Any CPU.Build.0 = Debug|Any CPU
		{3B950A81-4598-427D-92E6-09114A109D1B}.Release|Any CPU.ActiveCfg = Release|Any CPU
		{3B950A81-4598-427D-92E6-09114A109D1B}.Release|Any CPU.Build.0 = Release|Any CPU
	EndGlobalSection
	GlobalSection(SolutionProperties) = preSolution
		HideSolutionNode = FALSE
	EndGlobalSection
	GlobalSection(ExtensibilityGlobals) = postSolution
		SolutionGuid = {367FE149-BF2F-4443-9678-2FFB7110C830}
	EndGlobalSection
EndGlobal
