
Microsoft Visual Studio Solution File, Format Version 12.00
# Visual Studio Version 16
VisualStudioVersion = 16.0.30413.136
MinimumVisualStudioVersion = 10.0.40219.1
Project("{FAE04EC0-301F-11D3-BF4B-00C04F79EFBC}") = "PruebaMateo", "PruebaMateo\PruebaMateo.csproj", "{38AFD07B-3217-4BA4-9547-10CF41D39331}"
EndProject
Global
	GlobalSection(SolutionConfigurationPlatforms) = preSolution
		Debug|Any CPU = Debug|Any CPU
		Release|Any CPU = Release|Any CPU
	EndGlobalSection
	GlobalSection(ProjectConfigurationPlatforms) = postSolution
		{38AFD07B-3217-4BA4-9547-10CF41D39331}.Debug|Any CPU.ActiveCfg = Debug|Any CPU
		{38AFD07B-3217-4BA4-9547-10CF41D39331}.Debug|Any CPU.Build.0 = Debug|Any CPU
		{38AFD07B-3217-4BA4-9547-10CF41D39331}.Release|Any CPU.ActiveCfg = Release|Any CPU
		{38AFD07B-3217-4BA4-9547-10CF41D39331}.Release|Any CPU.Build.0 = Release|Any CPU
	EndGlobalSection
	GlobalSection(SolutionProperties) = preSolution
		HideSolutionNode = FALSE
	EndGlobalSection
	GlobalSection(ExtensibilityGlobals) = postSolution
		SolutionGuid = {4835DC78-9688-4A8C-9DDB-F9935B1A8BB2}
	EndGlobalSection
EndGlobal
