
Microsoft Visual Studio Solution File, Format Version 12.00
# Visual Studio Version 16
VisualStudioVersion = 16.0.30523.141
MinimumVisualStudioVersion = 10.0.40219.1
Project("{FAE04EC0-301F-11D3-BF4B-00C04F79EFBC}") = "VistaConsola", "VistaConsola\VistaConsola.csproj", "{9F17E778-FA73-4B10-B911-73C564582C52}"
EndProject
Project("{FAE04EC0-301F-11D3-BF4B-00C04F79EFBC}") = "Entidades", "Entidades\Entidades.csproj", "{B45BAB8D-564D-4A75-BA10-89933726CA08}"
EndProject
Project("{FAE04EC0-301F-11D3-BF4B-00C04F79EFBC}") = "VistaForm", "VistaForm\VistaForm.csproj", "{D0DC48B2-25CD-46AA-B731-07B76021BA4B}"
EndProject
Project("{2150E333-8FDC-42A3-9474-1A3956D46DE8}") = "Solution Items", "Solution Items", "{0B0379B6-5BAD-45D0-B00A-F35622746363}"
	ProjectSection(SolutionItems) = preProject
		.editorconfig = .editorconfig
	EndProjectSection
EndProject
Global
	GlobalSection(SolutionConfigurationPlatforms) = preSolution
		Debug|Any CPU = Debug|Any CPU
		Release|Any CPU = Release|Any CPU
	EndGlobalSection
	GlobalSection(ProjectConfigurationPlatforms) = postSolution
		{9F17E778-FA73-4B10-B911-73C564582C52}.Debug|Any CPU.ActiveCfg = Debug|Any CPU
		{9F17E778-FA73-4B10-B911-73C564582C52}.Debug|Any CPU.Build.0 = Debug|Any CPU
		{9F17E778-FA73-4B10-B911-73C564582C52}.Release|Any CPU.ActiveCfg = Release|Any CPU
		{9F17E778-FA73-4B10-B911-73C564582C52}.Release|Any CPU.Build.0 = Release|Any CPU
		{B45BAB8D-564D-4A75-BA10-89933726CA08}.Debug|Any CPU.ActiveCfg = Debug|Any CPU
		{B45BAB8D-564D-4A75-BA10-89933726CA08}.Debug|Any CPU.Build.0 = Debug|Any CPU
		{B45BAB8D-564D-4A75-BA10-89933726CA08}.Release|Any CPU.ActiveCfg = Release|Any CPU
		{B45BAB8D-564D-4A75-BA10-89933726CA08}.Release|Any CPU.Build.0 = Release|Any CPU
		{D0DC48B2-25CD-46AA-B731-07B76021BA4B}.Debug|Any CPU.ActiveCfg = Debug|Any CPU
		{D0DC48B2-25CD-46AA-B731-07B76021BA4B}.Debug|Any CPU.Build.0 = Debug|Any CPU
		{D0DC48B2-25CD-46AA-B731-07B76021BA4B}.Release|Any CPU.ActiveCfg = Release|Any CPU
		{D0DC48B2-25CD-46AA-B731-07B76021BA4B}.Release|Any CPU.Build.0 = Release|Any CPU
	EndGlobalSection
	GlobalSection(SolutionProperties) = preSolution
		HideSolutionNode = FALSE
	EndGlobalSection
	GlobalSection(ExtensibilityGlobals) = postSolution
		SolutionGuid = {7F7431EE-519F-4679-8C36-F078EB1A6C5C}
	EndGlobalSection
EndGlobal
