
Microsoft Visual Studio Solution File, Format Version 12.00
# Visual Studio Version 16
VisualStudioVersion = 16.0.30413.136
MinimumVisualStudioVersion = 10.0.40219.1
Project("{FAE04EC0-301F-11D3-BF4B-00C04F79EFBC}") = "Ejercicio01", "Ejercicio1\Ejercicio01.csproj", "{E337322D-0D64-44E0-A1A9-F615AB1B015F}"
EndProject
Project("{FAE04EC0-301F-11D3-BF4B-00C04F79EFBC}") = "Ejercicio02", "Ejercicio2\Ejercicio02.csproj", "{857B3498-B1F7-46BE-97A6-B14454464B15}"
EndProject
Project("{FAE04EC0-301F-11D3-BF4B-00C04F79EFBC}") = "Ejercicio03", "Ejercicio3\Ejercicio03.csproj", "{6FDFA475-6492-4B57-B877-56BC5CD1FDE9}"
EndProject
Project("{FAE04EC0-301F-11D3-BF4B-00C04F79EFBC}") = "Ejercicio04", "Ejercicio4\Ejercicio04.csproj", "{80F28825-7985-42F6-B1E5-F7FB1B40E1A9}"
EndProject
Project("{FAE04EC0-301F-11D3-BF4B-00C04F79EFBC}") = "Ejercicio05", "Ejercicio05\Ejercicio05.csproj", "{82FB21F4-90F8-4D86-B5D1-C938379E7881}"
EndProject
Project("{FAE04EC0-301F-11D3-BF4B-00C04F79EFBC}") = "Ejercicio11", "Ejercicio11\Ejercicio11.csproj", "{7D5C9451-9E1A-4F31-A0B1-BFD9A3EC876B}"
EndProject
Project("{FAE04EC0-301F-11D3-BF4B-00C04F79EFBC}") = "BibliotecaEj11", "BibliotecaEj11\BibliotecaEj11.csproj", "{C928B8A3-EE31-4ABD-BA97-795BCA93CC1A}"
EndProject
Project("{FAE04EC0-301F-11D3-BF4B-00C04F79EFBC}") = "Ejercicio12", "Ejercicio12\Ejercicio12.csproj", "{F4A3BC61-AF98-4A77-A958-6D80CB7AA41D}"
EndProject
Project("{FAE04EC0-301F-11D3-BF4B-00C04F79EFBC}") = "BibliotecaEj12", "BibliotecaEj12\BibliotecaEj12.csproj", "{7966EE43-D77A-4CB1-BC17-F4DA2AB7E919}"
EndProject
Project("{FAE04EC0-301F-11D3-BF4B-00C04F79EFBC}") = "Ejercicio13", "Ejercicio13\Ejercicio13.csproj", "{4E686718-C60A-4929-A3C6-B9B4FDB452BA}"
EndProject
Project("{FAE04EC0-301F-11D3-BF4B-00C04F79EFBC}") = "BibliotecaEj13", "BibliotecaEj13\BibliotecaEj13.csproj", "{7C7FC0DD-9DF3-4BBD-893F-B42CBCD5B975}"
EndProject
Project("{FAE04EC0-301F-11D3-BF4B-00C04F79EFBC}") = "Ejercicio14", "Ejercicio14\Ejercicio14.csproj", "{415F7F56-87CE-43F7-9C19-EF8B649CE8EB}"
EndProject
Project("{FAE04EC0-301F-11D3-BF4B-00C04F79EFBC}") = "BibliotecaEj14", "BibliotecaEj14\BibliotecaEj14.csproj", "{B388AB31-05BD-4B41-94D1-D27710E1A6A1}"
EndProject
Project("{FAE04EC0-301F-11D3-BF4B-00C04F79EFBC}") = "Ejercicio15", "Ejercicio15\Ejercicio15.csproj", "{51EB0106-F4E6-475F-9028-75E3F1A3AA99}"
EndProject
Project("{FAE04EC0-301F-11D3-BF4B-00C04F79EFBC}") = "BibliotecaEj15", "BibliotecaEj15\BibliotecaEj15.csproj", "{5EAC53A6-4AC9-4004-BBB4-5A8BE9E36211}"
EndProject
Global
	GlobalSection(SolutionConfigurationPlatforms) = preSolution
		Debug|Any CPU = Debug|Any CPU
		Release|Any CPU = Release|Any CPU
	EndGlobalSection
	GlobalSection(ProjectConfigurationPlatforms) = postSolution
		{E337322D-0D64-44E0-A1A9-F615AB1B015F}.Debug|Any CPU.ActiveCfg = Debug|Any CPU
		{E337322D-0D64-44E0-A1A9-F615AB1B015F}.Debug|Any CPU.Build.0 = Debug|Any CPU
		{E337322D-0D64-44E0-A1A9-F615AB1B015F}.Release|Any CPU.ActiveCfg = Release|Any CPU
		{E337322D-0D64-44E0-A1A9-F615AB1B015F}.Release|Any CPU.Build.0 = Release|Any CPU
		{857B3498-B1F7-46BE-97A6-B14454464B15}.Debug|Any CPU.ActiveCfg = Debug|Any CPU
		{857B3498-B1F7-46BE-97A6-B14454464B15}.Debug|Any CPU.Build.0 = Debug|Any CPU
		{857B3498-B1F7-46BE-97A6-B14454464B15}.Release|Any CPU.ActiveCfg = Release|Any CPU
		{857B3498-B1F7-46BE-97A6-B14454464B15}.Release|Any CPU.Build.0 = Release|Any CPU
		{6FDFA475-6492-4B57-B877-56BC5CD1FDE9}.Debug|Any CPU.ActiveCfg = Debug|Any CPU
		{6FDFA475-6492-4B57-B877-56BC5CD1FDE9}.Debug|Any CPU.Build.0 = Debug|Any CPU
		{6FDFA475-6492-4B57-B877-56BC5CD1FDE9}.Release|Any CPU.ActiveCfg = Release|Any CPU
		{6FDFA475-6492-4B57-B877-56BC5CD1FDE9}.Release|Any CPU.Build.0 = Release|Any CPU
		{80F28825-7985-42F6-B1E5-F7FB1B40E1A9}.Debug|Any CPU.ActiveCfg = Debug|Any CPU
		{80F28825-7985-42F6-B1E5-F7FB1B40E1A9}.Debug|Any CPU.Build.0 = Debug|Any CPU
		{80F28825-7985-42F6-B1E5-F7FB1B40E1A9}.Release|Any CPU.ActiveCfg = Release|Any CPU
		{80F28825-7985-42F6-B1E5-F7FB1B40E1A9}.Release|Any CPU.Build.0 = Release|Any CPU
		{82FB21F4-90F8-4D86-B5D1-C938379E7881}.Debug|Any CPU.ActiveCfg = Debug|Any CPU
		{82FB21F4-90F8-4D86-B5D1-C938379E7881}.Debug|Any CPU.Build.0 = Debug|Any CPU
		{82FB21F4-90F8-4D86-B5D1-C938379E7881}.Release|Any CPU.ActiveCfg = Release|Any CPU
		{82FB21F4-90F8-4D86-B5D1-C938379E7881}.Release|Any CPU.Build.0 = Release|Any CPU
		{7D5C9451-9E1A-4F31-A0B1-BFD9A3EC876B}.Debug|Any CPU.ActiveCfg = Debug|Any CPU
		{7D5C9451-9E1A-4F31-A0B1-BFD9A3EC876B}.Debug|Any CPU.Build.0 = Debug|Any CPU
		{7D5C9451-9E1A-4F31-A0B1-BFD9A3EC876B}.Release|Any CPU.ActiveCfg = Release|Any CPU
		{7D5C9451-9E1A-4F31-A0B1-BFD9A3EC876B}.Release|Any CPU.Build.0 = Release|Any CPU
		{C928B8A3-EE31-4ABD-BA97-795BCA93CC1A}.Debug|Any CPU.ActiveCfg = Debug|Any CPU
		{C928B8A3-EE31-4ABD-BA97-795BCA93CC1A}.Debug|Any CPU.Build.0 = Debug|Any CPU
		{C928B8A3-EE31-4ABD-BA97-795BCA93CC1A}.Release|Any CPU.ActiveCfg = Release|Any CPU
		{C928B8A3-EE31-4ABD-BA97-795BCA93CC1A}.Release|Any CPU.Build.0 = Release|Any CPU
		{F4A3BC61-AF98-4A77-A958-6D80CB7AA41D}.Debug|Any CPU.ActiveCfg = Debug|Any CPU
		{F4A3BC61-AF98-4A77-A958-6D80CB7AA41D}.Debug|Any CPU.Build.0 = Debug|Any CPU
		{F4A3BC61-AF98-4A77-A958-6D80CB7AA41D}.Release|Any CPU.ActiveCfg = Release|Any CPU
		{F4A3BC61-AF98-4A77-A958-6D80CB7AA41D}.Release|Any CPU.Build.0 = Release|Any CPU
		{7966EE43-D77A-4CB1-BC17-F4DA2AB7E919}.Debug|Any CPU.ActiveCfg = Debug|Any CPU
		{7966EE43-D77A-4CB1-BC17-F4DA2AB7E919}.Debug|Any CPU.Build.0 = Debug|Any CPU
		{7966EE43-D77A-4CB1-BC17-F4DA2AB7E919}.Release|Any CPU.ActiveCfg = Release|Any CPU
		{7966EE43-D77A-4CB1-BC17-F4DA2AB7E919}.Release|Any CPU.Build.0 = Release|Any CPU
		{4E686718-C60A-4929-A3C6-B9B4FDB452BA}.Debug|Any CPU.ActiveCfg = Debug|Any CPU
		{4E686718-C60A-4929-A3C6-B9B4FDB452BA}.Debug|Any CPU.Build.0 = Debug|Any CPU
		{4E686718-C60A-4929-A3C6-B9B4FDB452BA}.Release|Any CPU.ActiveCfg = Release|Any CPU
		{4E686718-C60A-4929-A3C6-B9B4FDB452BA}.Release|Any CPU.Build.0 = Release|Any CPU
		{7C7FC0DD-9DF3-4BBD-893F-B42CBCD5B975}.Debug|Any CPU.ActiveCfg = Debug|Any CPU
		{7C7FC0DD-9DF3-4BBD-893F-B42CBCD5B975}.Debug|Any CPU.Build.0 = Debug|Any CPU
		{7C7FC0DD-9DF3-4BBD-893F-B42CBCD5B975}.Release|Any CPU.ActiveCfg = Release|Any CPU
		{7C7FC0DD-9DF3-4BBD-893F-B42CBCD5B975}.Release|Any CPU.Build.0 = Release|Any CPU
		{415F7F56-87CE-43F7-9C19-EF8B649CE8EB}.Debug|Any CPU.ActiveCfg = Debug|Any CPU
		{415F7F56-87CE-43F7-9C19-EF8B649CE8EB}.Debug|Any CPU.Build.0 = Debug|Any CPU
		{415F7F56-87CE-43F7-9C19-EF8B649CE8EB}.Release|Any CPU.ActiveCfg = Release|Any CPU
		{415F7F56-87CE-43F7-9C19-EF8B649CE8EB}.Release|Any CPU.Build.0 = Release|Any CPU
		{B388AB31-05BD-4B41-94D1-D27710E1A6A1}.Debug|Any CPU.ActiveCfg = Debug|Any CPU
		{B388AB31-05BD-4B41-94D1-D27710E1A6A1}.Debug|Any CPU.Build.0 = Debug|Any CPU
		{B388AB31-05BD-4B41-94D1-D27710E1A6A1}.Release|Any CPU.ActiveCfg = Release|Any CPU
		{B388AB31-05BD-4B41-94D1-D27710E1A6A1}.Release|Any CPU.Build.0 = Release|Any CPU
		{51EB0106-F4E6-475F-9028-75E3F1A3AA99}.Debug|Any CPU.ActiveCfg = Debug|Any CPU
		{51EB0106-F4E6-475F-9028-75E3F1A3AA99}.Debug|Any CPU.Build.0 = Debug|Any CPU
		{51EB0106-F4E6-475F-9028-75E3F1A3AA99}.Release|Any CPU.ActiveCfg = Release|Any CPU
		{51EB0106-F4E6-475F-9028-75E3F1A3AA99}.Release|Any CPU.Build.0 = Release|Any CPU
		{5EAC53A6-4AC9-4004-BBB4-5A8BE9E36211}.Debug|Any CPU.ActiveCfg = Debug|Any CPU
		{5EAC53A6-4AC9-4004-BBB4-5A8BE9E36211}.Debug|Any CPU.Build.0 = Debug|Any CPU
		{5EAC53A6-4AC9-4004-BBB4-5A8BE9E36211}.Release|Any CPU.ActiveCfg = Release|Any CPU
		{5EAC53A6-4AC9-4004-BBB4-5A8BE9E36211}.Release|Any CPU.Build.0 = Release|Any CPU
	EndGlobalSection
	GlobalSection(SolutionProperties) = preSolution
		HideSolutionNode = FALSE
	EndGlobalSection
	GlobalSection(ExtensibilityGlobals) = postSolution
		SolutionGuid = {EE6E5DA6-3702-4A97-9E9E-08E5578F41A6}
	EndGlobalSection
EndGlobal
