
Microsoft Visual Studio Solution File, Format Version 12.00
# Visual Studio Version 16
VisualStudioVersion = 16.0.30503.244
MinimumVisualStudioVersion = 10.0.40219.1
Project("{FAE04EC0-301F-11D3-BF4B-00C04F79EFBC}") = "Herencia", "Herencia\Herencia.csproj", "{E9997AC1-D87E-4C04-B8C2-3684B2B84EB2}"
EndProject
Project("{FAE04EC0-301F-11D3-BF4B-00C04F79EFBC}") = "Entidades", "Entidades\Entidades.csproj", "{F35ADE97-F991-4564-997E-BAF844817027}"
EndProject
Global
	GlobalSection(SolutionConfigurationPlatforms) = preSolution
		Debug|Any CPU = Debug|Any CPU
		Release|Any CPU = Release|Any CPU
	EndGlobalSection
	GlobalSection(ProjectConfigurationPlatforms) = postSolution
		{E9997AC1-D87E-4C04-B8C2-3684B2B84EB2}.Debug|Any CPU.ActiveCfg = Debug|Any CPU
		{E9997AC1-D87E-4C04-B8C2-3684B2B84EB2}.Debug|Any CPU.Build.0 = Debug|Any CPU
		{E9997AC1-D87E-4C04-B8C2-3684B2B84EB2}.Release|Any CPU.ActiveCfg = Release|Any CPU
		{E9997AC1-D87E-4C04-B8C2-3684B2B84EB2}.Release|Any CPU.Build.0 = Release|Any CPU
		{F35ADE97-F991-4564-997E-BAF844817027}.Debug|Any CPU.ActiveCfg = Debug|Any CPU
		{F35ADE97-F991-4564-997E-BAF844817027}.Debug|Any CPU.Build.0 = Debug|Any CPU
		{F35ADE97-F991-4564-997E-BAF844817027}.Release|Any CPU.ActiveCfg = Release|Any CPU
		{F35ADE97-F991-4564-997E-BAF844817027}.Release|Any CPU.Build.0 = Release|Any CPU
	EndGlobalSection
	GlobalSection(SolutionProperties) = preSolution
		HideSolutionNode = FALSE
	EndGlobalSection
	GlobalSection(ExtensibilityGlobals) = postSolution
		SolutionGuid = {853E0648-4BEA-4F23-9E8D-40D039E90357}
	EndGlobalSection
EndGlobal
