
Microsoft Visual Studio Solution File, Format Version 12.00
# Visual Studio Version 16
VisualStudioVersion = 16.0.31005.135
MinimumVisualStudioVersion = 10.0.40219.1
Project("{FAE04EC0-301F-11D3-BF4B-00C04F79EFBC}") = "Ejercicio029", "Ejercicio029\Ejercicio029.csproj", "{7D137612-739C-48D6-B428-5303B7D24772}"
EndProject
Global
	GlobalSection(SolutionConfigurationPlatforms) = preSolution
		Debug|Any CPU = Debug|Any CPU
		Release|Any CPU = Release|Any CPU
	EndGlobalSection
	GlobalSection(ProjectConfigurationPlatforms) = postSolution
		{7D137612-739C-48D6-B428-5303B7D24772}.Debug|Any CPU.ActiveCfg = Debug|Any CPU
		{7D137612-739C-48D6-B428-5303B7D24772}.Debug|Any CPU.Build.0 = Debug|Any CPU
		{7D137612-739C-48D6-B428-5303B7D24772}.Release|Any CPU.ActiveCfg = Release|Any CPU
		{7D137612-739C-48D6-B428-5303B7D24772}.Release|Any CPU.Build.0 = Release|Any CPU
	EndGlobalSection
	GlobalSection(SolutionProperties) = preSolution
		HideSolutionNode = FALSE
	EndGlobalSection
	GlobalSection(ExtensibilityGlobals) = postSolution
		SolutionGuid = {4F189168-4877-4C3E-BE6C-0F383CD01BBF}
	EndGlobalSection
EndGlobal
