
Microsoft Visual Studio Solution File, Format Version 12.00
# Visual Studio Version 16
VisualStudioVersion = 16.0.31005.135
MinimumVisualStudioVersion = 10.0.40219.1
Project("{FAE04EC0-301F-11D3-BF4B-00C04F79EFBC}") = "Conversor", "Conversor\Conversor.csproj", "{19D3A406-7102-4853-967D-7C639675401F}"
EndProject
Project("{FAE04EC0-301F-11D3-BF4B-00C04F79EFBC}") = "ConversorForm", "ConversorForm\ConversorForm.csproj", "{45093A5B-6A1F-4578-9F48-281908B1E99C}"
EndProject
Global
	GlobalSection(SolutionConfigurationPlatforms) = preSolution
		Debug|Any CPU = Debug|Any CPU
		Release|Any CPU = Release|Any CPU
	EndGlobalSection
	GlobalSection(ProjectConfigurationPlatforms) = postSolution
		{19D3A406-7102-4853-967D-7C639675401F}.Debug|Any CPU.ActiveCfg = Debug|Any CPU
		{19D3A406-7102-4853-967D-7C639675401F}.Debug|Any CPU.Build.0 = Debug|Any CPU
		{19D3A406-7102-4853-967D-7C639675401F}.Release|Any CPU.ActiveCfg = Release|Any CPU
		{19D3A406-7102-4853-967D-7C639675401F}.Release|Any CPU.Build.0 = Release|Any CPU
		{45093A5B-6A1F-4578-9F48-281908B1E99C}.Debug|Any CPU.ActiveCfg = Debug|Any CPU
		{45093A5B-6A1F-4578-9F48-281908B1E99C}.Debug|Any CPU.Build.0 = Debug|Any CPU
		{45093A5B-6A1F-4578-9F48-281908B1E99C}.Release|Any CPU.ActiveCfg = Release|Any CPU
		{45093A5B-6A1F-4578-9F48-281908B1E99C}.Release|Any CPU.Build.0 = Release|Any CPU
	EndGlobalSection
	GlobalSection(SolutionProperties) = preSolution
		HideSolutionNode = FALSE
	EndGlobalSection
	GlobalSection(ExtensibilityGlobals) = postSolution
		SolutionGuid = {623AD7C9-D2D9-4495-8539-29D9B5FA7480}
	EndGlobalSection
EndGlobal
