
Microsoft Visual Studio Solution File, Format Version 12.00
# Visual Studio Version 16
VisualStudioVersion = 16.0.30523.141
MinimumVisualStudioVersion = 10.0.40219.1
Project("{FAE04EC0-301F-11D3-BF4B-00C04F79EFBC}") = "CuentaGanadoForm", "CuentaGanadoForm\CuentaGanadoForm.csproj", "{F78BFC9A-CF33-4AA6-BDEA-277F6B8A0667}"
EndProject
Project("{FAE04EC0-301F-11D3-BF4B-00C04F79EFBC}") = "Entidades", "Entidades\Entidades.csproj", "{875E6F5D-3D0A-4EEF-BE93-9C3A02A5FDAB}"
EndProject
Project("{2150E333-8FDC-42A3-9474-1A3956D46DE8}") = "Solution Items", "Solution Items", "{FDF5F05D-AD3E-430F-B558-11407649D3B3}"
	ProjectSection(SolutionItems) = preProject
		.editorconfig = .editorconfig
	EndProjectSection
EndProject
Global
	GlobalSection(SolutionConfigurationPlatforms) = preSolution
		Debug|Any CPU = Debug|Any CPU
		Release|Any CPU = Release|Any CPU
	EndGlobalSection
	GlobalSection(ProjectConfigurationPlatforms) = postSolution
		{F78BFC9A-CF33-4AA6-BDEA-277F6B8A0667}.Debug|Any CPU.ActiveCfg = Debug|Any CPU
		{F78BFC9A-CF33-4AA6-BDEA-277F6B8A0667}.Debug|Any CPU.Build.0 = Debug|Any CPU
		{F78BFC9A-CF33-4AA6-BDEA-277F6B8A0667}.Release|Any CPU.ActiveCfg = Release|Any CPU
		{F78BFC9A-CF33-4AA6-BDEA-277F6B8A0667}.Release|Any CPU.Build.0 = Release|Any CPU
		{875E6F5D-3D0A-4EEF-BE93-9C3A02A5FDAB}.Debug|Any CPU.ActiveCfg = Debug|Any CPU
		{875E6F5D-3D0A-4EEF-BE93-9C3A02A5FDAB}.Debug|Any CPU.Build.0 = Debug|Any CPU
		{875E6F5D-3D0A-4EEF-BE93-9C3A02A5FDAB}.Release|Any CPU.ActiveCfg = Release|Any CPU
		{875E6F5D-3D0A-4EEF-BE93-9C3A02A5FDAB}.Release|Any CPU.Build.0 = Release|Any CPU
	EndGlobalSection
	GlobalSection(SolutionProperties) = preSolution
		HideSolutionNode = FALSE
	EndGlobalSection
	GlobalSection(ExtensibilityGlobals) = postSolution
		SolutionGuid = {BC463065-6C5B-4781-8766-7E813CA3EB5C}
	EndGlobalSection
EndGlobal
