
Microsoft Visual Studio Solution File, Format Version 12.00
# Visual Studio Version 16
VisualStudioVersion = 16.0.30413.136
MinimumVisualStudioVersion = 10.0.40219.1
Project("{FAE04EC0-301F-11D3-BF4B-00C04F79EFBC}") = "Vista", "Vista\Vista.csproj", "{0D5A9640-409B-4333-B97B-AE6B039A751F}"
EndProject
Global
	GlobalSection(SolutionConfigurationPlatforms) = preSolution
		Debug|Any CPU = Debug|Any CPU
		Release|Any CPU = Release|Any CPU
	EndGlobalSection
	GlobalSection(ProjectConfigurationPlatforms) = postSolution
		{0D5A9640-409B-4333-B97B-AE6B039A751F}.Debug|Any CPU.ActiveCfg = Debug|Any CPU
		{0D5A9640-409B-4333-B97B-AE6B039A751F}.Debug|Any CPU.Build.0 = Debug|Any CPU
		{0D5A9640-409B-4333-B97B-AE6B039A751F}.Release|Any CPU.ActiveCfg = Release|Any CPU
		{0D5A9640-409B-4333-B97B-AE6B039A751F}.Release|Any CPU.Build.0 = Release|Any CPU
	EndGlobalSection
	GlobalSection(SolutionProperties) = preSolution
		HideSolutionNode = FALSE
	EndGlobalSection
	GlobalSection(ExtensibilityGlobals) = postSolution
		SolutionGuid = {C019A6EA-6CEB-45B2-A641-A0A26FB76855}
	EndGlobalSection
EndGlobal
